// !$*UTF8*$!
{
	archiveVersion = 1;
	classes = {
	};
	objectVersion = 56;
	objects = {

/* Begin PBXBuildFile section */
		A50FB0CF432E23D71378B57D /* Pods_News_app.framework in Frameworks */ = {isa = PBXBuildFile; fileRef = 943F41A1D08F51EFB9FDED7F /* Pods_News_app.framework */; };
		EE96CBE72B04C50300C4A78F /* AppDelegate.swift in Sources */ = {isa = PBXBuildFile; fileRef = EE96CBE62B04C50300C4A78F /* AppDelegate.swift */; };
		EE96CBF12B04C50300C4A78F /* News_app.xcdatamodeld in Sources */ = {isa = PBXBuildFile; fileRef = EE96CBEF2B04C50300C4A78F /* News_app.xcdatamodeld */; };
		EE96CBF32B04C50400C4A78F /* Assets.xcassets in Resources */ = {isa = PBXBuildFile; fileRef = EE96CBF22B04C50400C4A78F /* Assets.xcassets */; };
		EE96CBF62B04C50400C4A78F /* LaunchScreen.storyboard in Resources */ = {isa = PBXBuildFile; fileRef = EE96CBF42B04C50400C4A78F /* LaunchScreen.storyboard */; };
		EE96CBFF2B04C5F500C4A78F /* HomeVC.swift in Sources */ = {isa = PBXBuildFile; fileRef = EE96CBFD2B04C5F500C4A78F /* HomeVC.swift */; };
		EE96CC002B04C5F500C4A78F /* HomeVC.xib in Resources */ = {isa = PBXBuildFile; fileRef = EE96CBFE2B04C5F500C4A78F /* HomeVC.xib */; };
		EE96CC082B04F23300C4A78F /* TabbarVC.swift in Sources */ = {isa = PBXBuildFile; fileRef = EE96CC072B04F23300C4A78F /* TabbarVC.swift */; };
		EE96CC0F2B04F29000C4A78F /* ProfilVC.swift in Sources */ = {isa = PBXBuildFile; fileRef = EE96CC0D2B04F29000C4A78F /* ProfilVC.swift */; };
		EE96CC102B04F29000C4A78F /* ProfilVC.xib in Resources */ = {isa = PBXBuildFile; fileRef = EE96CC0E2B04F29000C4A78F /* ProfilVC.xib */; };
		EE96CC132B05042100C4A78F /* BIgCell.swift in Sources */ = {isa = PBXBuildFile; fileRef = EE96CC112B05042100C4A78F /* BIgCell.swift */; };
		EE96CC142B05042100C4A78F /* BIgCell.xib in Resources */ = {isa = PBXBuildFile; fileRef = EE96CC122B05042100C4A78F /* BIgCell.xib */; };
		EE96CC172B05043600C4A78F /* SmallCell.swift in Sources */ = {isa = PBXBuildFile; fileRef = EE96CC152B05043600C4A78F /* SmallCell.swift */; };
		EE96CC182B05043600C4A78F /* SmallCell.xib in Resources */ = {isa = PBXBuildFile; fileRef = EE96CC162B05043600C4A78F /* SmallCell.xib */; };
		EED11F042B091CB30023C6C4 /* CategoryDM.swift in Sources */ = {isa = PBXBuildFile; fileRef = EED11F032B091CB30023C6C4 /* CategoryDM.swift */; };
		EED589A52B06522D00BEDB43 /* NewsDataModel.swift in Sources */ = {isa = PBXBuildFile; fileRef = EED589A42B06522D00BEDB43 /* NewsDataModel.swift */; };
		EEEBD77E2B077CB700538DBD /* SeeNewsVC.swift in Sources */ = {isa = PBXBuildFile; fileRef = EEEBD77C2B077CB700538DBD /* SeeNewsVC.swift */; };
		EEEBD77F2B077CB700538DBD /* SeeNewsVC.xib in Resources */ = {isa = PBXBuildFile; fileRef = EEEBD77D2B077CB700538DBD /* SeeNewsVC.xib */; };
		EEEBD7812B07B2FA00538DBD /* ImageSetting.swift in Sources */ = {isa = PBXBuildFile; fileRef = EEEBD7802B07B2FA00538DBD /* ImageSetting.swift */; };
		EEEBD7832B07BFD600538DBD /* WeatherDateModel.swift in Sources */ = {isa = PBXBuildFile; fileRef = EEEBD7822B07BFD600538DBD /* WeatherDateModel.swift */; };
		EEF946132B70E0B3009415F4 /* SingUp.swift in Sources */ = {isa = PBXBuildFile; fileRef = EEF946112B70E0B3009415F4 /* SingUp.swift */; };
		EEF946142B70E0B3009415F4 /* SingUp.xib in Resources */ = {isa = PBXBuildFile; fileRef = EEF946122B70E0B3009415F4 /* SingUp.xib */; };
		EEF946172B70E0C2009415F4 /* SingIn.swift in Sources */ = {isa = PBXBuildFile; fileRef = EEF946152B70E0C2009415F4 /* SingIn.swift */; };
		EEF946182B70E0C2009415F4 /* SingIn.xib in Resources */ = {isa = PBXBuildFile; fileRef = EEF946162B70E0C2009415F4 /* SingIn.xib */; };
		EEF946202B70EE9F009415F4 /* CoreData.swift in Sources */ = {isa = PBXBuildFile; fileRef = EEF9461F2B70EE9F009415F4 /* CoreData.swift */; };
/* End PBXBuildFile section */

/* Begin PBXFileReference section */
		03F6FC2A2A35753D34010F20 /* Pods-News app.debug.xcconfig */ = {isa = PBXFileReference; includeInIndex = 1; lastKnownFileType = text.xcconfig; name = "Pods-News app.debug.xcconfig"; path = "Target Support Files/Pods-News app/Pods-News app.debug.xcconfig"; sourceTree = "<group>"; };
		4230CECD978B8427AD7FB2FF /* Pods-News app.release.xcconfig */ = {isa = PBXFileReference; includeInIndex = 1; lastKnownFileType = text.xcconfig; name = "Pods-News app.release.xcconfig"; path = "Target Support Files/Pods-News app/Pods-News app.release.xcconfig"; sourceTree = "<group>"; };
		943F41A1D08F51EFB9FDED7F /* Pods_News_app.framework */ = {isa = PBXFileReference; explicitFileType = wrapper.framework; includeInIndex = 0; path = Pods_News_app.framework; sourceTree = BUILT_PRODUCTS_DIR; };
		EE96CBE32B04C50300C4A78F /* News app.app */ = {isa = PBXFileReference; explicitFileType = wrapper.application; includeInIndex = 0; path = "News app.app"; sourceTree = BUILT_PRODUCTS_DIR; };
		EE96CBE62B04C50300C4A78F /* AppDelegate.swift */ = {isa = PBXFileReference; lastKnownFileType = sourcecode.swift; path = AppDelegate.swift; sourceTree = "<group>"; };
		EE96CBF02B04C50300C4A78F /* News_app.xcdatamodel */ = {isa = PBXFileReference; lastKnownFileType = wrapper.xcdatamodel; path = News_app.xcdatamodel; sourceTree = "<group>"; };
		EE96CBF22B04C50400C4A78F /* Assets.xcassets */ = {isa = PBXFileReference; lastKnownFileType = folder.assetcatalog; path = Assets.xcassets; sourceTree = "<group>"; };
		EE96CBF52B04C50400C4A78F /* Base */ = {isa = PBXFileReference; lastKnownFileType = file.storyboard; name = Base; path = Base.lproj/LaunchScreen.storyboard; sourceTree = "<group>"; };
		EE96CBF72B04C50400C4A78F /* Info.plist */ = {isa = PBXFileReference; lastKnownFileType = text.plist.xml; path = Info.plist; sourceTree = "<group>"; };
		EE96CBFD2B04C5F500C4A78F /* HomeVC.swift */ = {isa = PBXFileReference; lastKnownFileType = sourcecode.swift; path = HomeVC.swift; sourceTree = "<group>"; };
		EE96CBFE2B04C5F500C4A78F /* HomeVC.xib */ = {isa = PBXFileReference; lastKnownFileType = file.xib; path = HomeVC.xib; sourceTree = "<group>"; };
		EE96CC072B04F23300C4A78F /* TabbarVC.swift */ = {isa = PBXFileReference; lastKnownFileType = sourcecode.swift; path = TabbarVC.swift; sourceTree = "<group>"; };
		EE96CC0D2B04F29000C4A78F /* ProfilVC.swift */ = {isa = PBXFileReference; lastKnownFileType = sourcecode.swift; path = ProfilVC.swift; sourceTree = "<group>"; };
		EE96CC0E2B04F29000C4A78F /* ProfilVC.xib */ = {isa = PBXFileReference; lastKnownFileType = file.xib; path = ProfilVC.xib; sourceTree = "<group>"; };
		EE96CC112B05042100C4A78F /* BIgCell.swift */ = {isa = PBXFileReference; lastKnownFileType = sourcecode.swift; path = BIgCell.swift; sourceTree = "<group>"; };
		EE96CC122B05042100C4A78F /* BIgCell.xib */ = {isa = PBXFileReference; lastKnownFileType = file.xib; path = BIgCell.xib; sourceTree = "<group>"; };
		EE96CC152B05043600C4A78F /* SmallCell.swift */ = {isa = PBXFileReference; lastKnownFileType = sourcecode.swift; path = SmallCell.swift; sourceTree = "<group>"; };
		EE96CC162B05043600C4A78F /* SmallCell.xib */ = {isa = PBXFileReference; lastKnownFileType = file.xib; path = SmallCell.xib; sourceTree = "<group>"; };
		EED11F032B091CB30023C6C4 /* CategoryDM.swift */ = {isa = PBXFileReference; lastKnownFileType = sourcecode.swift; path = CategoryDM.swift; sourceTree = "<group>"; };
		EED589A42B06522D00BEDB43 /* NewsDataModel.swift */ = {isa = PBXFileReference; lastKnownFileType = sourcecode.swift; path = NewsDataModel.swift; sourceTree = "<group>"; };
		EEEBD77C2B077CB700538DBD /* SeeNewsVC.swift */ = {isa = PBXFileReference; lastKnownFileType = sourcecode.swift; path = SeeNewsVC.swift; sourceTree = "<group>"; };
		EEEBD77D2B077CB700538DBD /* SeeNewsVC.xib */ = {isa = PBXFileReference; lastKnownFileType = file.xib; path = SeeNewsVC.xib; sourceTree = "<group>"; };
		EEEBD7802B07B2FA00538DBD /* ImageSetting.swift */ = {isa = PBXFileReference; lastKnownFileType = sourcecode.swift; path = ImageSetting.swift; sourceTree = "<group>"; };
		EEEBD7822B07BFD600538DBD /* WeatherDateModel.swift */ = {isa = PBXFileReference; lastKnownFileType = sourcecode.swift; path = WeatherDateModel.swift; sourceTree = "<group>"; };
		EEF946112B70E0B3009415F4 /* SingUp.swift */ = {isa = PBXFileReference; lastKnownFileType = sourcecode.swift; path = SingUp.swift; sourceTree = "<group>"; };
		EEF946122B70E0B3009415F4 /* SingUp.xib */ = {isa = PBXFileReference; lastKnownFileType = file.xib; path = SingUp.xib; sourceTree = "<group>"; };
		EEF946152B70E0C2009415F4 /* SingIn.swift */ = {isa = PBXFileReference; lastKnownFileType = sourcecode.swift; path = SingIn.swift; sourceTree = "<group>"; };
		EEF946162B70E0C2009415F4 /* SingIn.xib */ = {isa = PBXFileReference; lastKnownFileType = file.xib; path = SingIn.xib; sourceTree = "<group>"; };
		EEF9461F2B70EE9F009415F4 /* CoreData.swift */ = {isa = PBXFileReference; lastKnownFileType = sourcecode.swift; path = CoreData.swift; sourceTree = "<group>"; };
/* End PBXFileReference section */

/* Begin PBXFrameworksBuildPhase section */
		EE96CBE02B04C50300C4A78F /* Frameworks */ = {
			isa = PBXFrameworksBuildPhase;
			buildActionMask = 2147483647;
			files = (
				A50FB0CF432E23D71378B57D /* Pods_News_app.framework in Frameworks */,
			);
			runOnlyForDeploymentPostprocessing = 0;
		};
/* End PBXFrameworksBuildPhase section */

/* Begin PBXGroup section */
		1A2BE4157C245D3AA0B6EC04 /* Pods */ = {
			isa = PBXGroup;
			children = (
				03F6FC2A2A35753D34010F20 /* Pods-News app.debug.xcconfig */,
				4230CECD978B8427AD7FB2FF /* Pods-News app.release.xcconfig */,
			);
			name = Pods;
			path = Pods;
			sourceTree = "<group>";
		};
		D7368A800A39FCCB2EF551BE /* Frameworks */ = {
			isa = PBXGroup;
			children = (
				943F41A1D08F51EFB9FDED7F /* Pods_News_app.framework */,
			);
			name = Frameworks;
			sourceTree = "<group>";
		};
		EE96CBDA2B04C50300C4A78F = {
			isa = PBXGroup;
			children = (
				EE96CBE52B04C50300C4A78F /* News app */,
				EE96CBE42B04C50300C4A78F /* Products */,
				1A2BE4157C245D3AA0B6EC04 /* Pods */,
				D7368A800A39FCCB2EF551BE /* Frameworks */,
			);
			sourceTree = "<group>";
		};
		EE96CBE42B04C50300C4A78F /* Products */ = {
			isa = PBXGroup;
			children = (
				EE96CBE32B04C50300C4A78F /* News app.app */,
			);
			name = Products;
			sourceTree = "<group>";
		};
		EE96CBE52B04C50300C4A78F /* News app */ = {
			isa = PBXGroup;
			children = (
				EEF9461E2B70EE70009415F4 /* System Files */,
				EEF9461C2B70EE14009415F4 /* All VC */,
				EEF9461D2B70EE53009415F4 /* DataModels */,
				EE96CBF72B04C50400C4A78F /* Info.plist */,
				EE96CBEF2B04C50300C4A78F /* News_app.xcdatamodeld */,
			);
			path = "News app";
			sourceTree = "<group>";
		};
		EEF946192B70EDCD009415F4 /* Welcome VC */ = {
			isa = PBXGroup;
			children = (
				EEF946112B70E0B3009415F4 /* SingUp.swift */,
				EEF946122B70E0B3009415F4 /* SingUp.xib */,
				EEF946152B70E0C2009415F4 /* SingIn.swift */,
				EEF946162B70E0C2009415F4 /* SingIn.xib */,
			);
			path = "Welcome VC";
			sourceTree = "<group>";
		};
		EEF9461A2B70EDE3009415F4 /* Main VC */ = {
			isa = PBXGroup;
			children = (
				EE96CC072B04F23300C4A78F /* TabbarVC.swift */,
				EE96CBFD2B04C5F500C4A78F /* HomeVC.swift */,
				EE96CBFE2B04C5F500C4A78F /* HomeVC.xib */,
				EE96CC0D2B04F29000C4A78F /* ProfilVC.swift */,
				EE96CC0E2B04F29000C4A78F /* ProfilVC.xib */,
				EEEBD77C2B077CB700538DBD /* SeeNewsVC.swift */,
				EEEBD77D2B077CB700538DBD /* SeeNewsVC.xib */,
			);
			path = "Main VC";
			sourceTree = "<group>";
		};
		EEF9461B2B70EDFD009415F4 /* All Cells */ = {
			isa = PBXGroup;
			children = (
				EE96CC112B05042100C4A78F /* BIgCell.swift */,
				EE96CC122B05042100C4A78F /* BIgCell.xib */,
				EE96CC152B05043600C4A78F /* SmallCell.swift */,
				EE96CC162B05043600C4A78F /* SmallCell.xib */,
			);
			path = "All Cells";
			sourceTree = "<group>";
		};
		EEF9461C2B70EE14009415F4 /* All VC */ = {
			isa = PBXGroup;
			children = (
				EEF946192B70EDCD009415F4 /* Welcome VC */,
				EEF9461A2B70EDE3009415F4 /* Main VC */,
				EEF9461B2B70EDFD009415F4 /* All Cells */,
			);
			path = "All VC";
			sourceTree = "<group>";
		};
		EEF9461D2B70EE53009415F4 /* DataModels */ = {
			isa = PBXGroup;
			children = (
				EEEBD7802B07B2FA00538DBD /* ImageSetting.swift */,
				EED589A42B06522D00BEDB43 /* NewsDataModel.swift */,
				EEEBD7822B07BFD600538DBD /* WeatherDateModel.swift */,
				EED11F032B091CB30023C6C4 /* CategoryDM.swift */,
				EEF9461F2B70EE9F009415F4 /* CoreData.swift */,
			);
			path = DataModels;
			sourceTree = "<group>";
		};
		EEF9461E2B70EE70009415F4 /* System Files */ = {
			isa = PBXGroup;
			children = (
				EE96CBE62B04C50300C4A78F /* AppDelegate.swift */,
				EE96CBF42B04C50400C4A78F /* LaunchScreen.storyboard */,
				EE96CBF22B04C50400C4A78F /* Assets.xcassets */,
			);
			path = "System Files";
			sourceTree = "<group>";
		};
/* End PBXGroup section */

/* Begin PBXNativeTarget section */
		EE96CBE22B04C50300C4A78F /* News app */ = {
			isa = PBXNativeTarget;
			buildConfigurationList = EE96CBFA2B04C50400C4A78F /* Build configuration list for PBXNativeTarget "News app" */;
			buildPhases = (
				E12895B08BF2EC9916FC77D1 /* [CP] Check Pods Manifest.lock */,
				EE96CBDF2B04C50300C4A78F /* Sources */,
				EE96CBE02B04C50300C4A78F /* Frameworks */,
				EE96CBE12B04C50300C4A78F /* Resources */,
				EA12197A44FEEAB0BA11317E /* [CP] Embed Pods Frameworks */,
			);
			buildRules = (
			);
			dependencies = (
			);
			name = "News app";
			productName = "News app";
			productReference = EE96CBE32B04C50300C4A78F /* News app.app */;
			productType = "com.apple.product-type.application";
		};
/* End PBXNativeTarget section */

/* Begin PBXProject section */
		EE96CBDB2B04C50300C4A78F /* Project object */ = {
			isa = PBXProject;
			attributes = {
				BuildIndependentTargetsInParallel = 1;
				LastSwiftUpdateCheck = 1430;
				LastUpgradeCheck = 1430;
				TargetAttributes = {
					EE96CBE22B04C50300C4A78F = {
						CreatedOnToolsVersion = 14.3.1;
					};
				};
			};
			buildConfigurationList = EE96CBDE2B04C50300C4A78F /* Build configuration list for PBXProject "News app" */;
			compatibilityVersion = "Xcode 14.0";
			developmentRegion = en;
			hasScannedForEncodings = 0;
			knownRegions = (
				en,
				Base,
			);
			mainGroup = EE96CBDA2B04C50300C4A78F;
			productRefGroup = EE96CBE42B04C50300C4A78F /* Products */;
			projectDirPath = "";
			projectRoot = "";
			targets = (
				EE96CBE22B04C50300C4A78F /* News app */,
			);
		};
/* End PBXProject section */

/* Begin PBXResourcesBuildPhase section */
		EE96CBE12B04C50300C4A78F /* Resources */ = {
			isa = PBXResourcesBuildPhase;
			buildActionMask = 2147483647;
			files = (
				EEF946182B70E0C2009415F4 /* SingIn.xib in Resources */,
				EE96CBF62B04C50400C4A78F /* LaunchScreen.storyboard in Resources */,
				EEF946142B70E0B3009415F4 /* SingUp.xib in Resources */,
				EEEBD77F2B077CB700538DBD /* SeeNewsVC.xib in Resources */,
				EE96CC102B04F29000C4A78F /* ProfilVC.xib in Resources */,
				EE96CC142B05042100C4A78F /* BIgCell.xib in Resources */,
				EE96CC002B04C5F500C4A78F /* HomeVC.xib in Resources */,
				EE96CBF32B04C50400C4A78F /* Assets.xcassets in Resources */,
				EE96CC182B05043600C4A78F /* SmallCell.xib in Resources */,
			);
			runOnlyForDeploymentPostprocessing = 0;
		};
/* End PBXResourcesBuildPhase section */

/* Begin PBXShellScriptBuildPhase section */
		E12895B08BF2EC9916FC77D1 /* [CP] Check Pods Manifest.lock */ = {
			isa = PBXShellScriptBuildPhase;
			buildActionMask = 2147483647;
			files = (
			);
			inputFileListPaths = (
			);
			inputPaths = (
				"${PODS_PODFILE_DIR_PATH}/Podfile.lock",
				"${PODS_ROOT}/Manifest.lock",
			);
			name = "[CP] Check Pods Manifest.lock";
			outputFileListPaths = (
			);
			outputPaths = (
				"$(DERIVED_FILE_DIR)/Pods-News app-checkManifestLockResult.txt",
			);
			runOnlyForDeploymentPostprocessing = 0;
			shellPath = /bin/sh;
			shellScript = "diff \"${PODS_PODFILE_DIR_PATH}/Podfile.lock\" \"${PODS_ROOT}/Manifest.lock\" > /dev/null\nif [ $? != 0 ] ; then\n    # print error to STDERR\n    echo \"error: The sandbox is not in sync with the Podfile.lock. Run 'pod install' or update your CocoaPods installation.\" >&2\n    exit 1\nfi\n# This output is used by Xcode 'outputs' to avoid re-running this script phase.\necho \"SUCCESS\" > \"${SCRIPT_OUTPUT_FILE_0}\"\n";
			showEnvVarsInLog = 0;
		};
		EA12197A44FEEAB0BA11317E /* [CP] Embed Pods Frameworks */ = {
			isa = PBXShellScriptBuildPhase;
			buildActionMask = 2147483647;
			files = (
			);
			inputFileListPaths = (
				"${PODS_ROOT}/Target Support Files/Pods-News app/Pods-News app-frameworks-${CONFIGURATION}-input-files.xcfilelist",
			);
			name = "[CP] Embed Pods Frameworks";
			outputFileListPaths = (
				"${PODS_ROOT}/Target Support Files/Pods-News app/Pods-News app-frameworks-${CONFIGURATION}-output-files.xcfilelist",
			);
			runOnlyForDeploymentPostprocessing = 0;
			shellPath = /bin/sh;
			shellScript = "\"${PODS_ROOT}/Target Support Files/Pods-News app/Pods-News app-frameworks.sh\"\n";
			showEnvVarsInLog = 0;
		};
/* End PBXShellScriptBuildPhase section */

/* Begin PBXSourcesBuildPhase section */
		EE96CBDF2B04C50300C4A78F /* Sources */ = {
			isa = PBXSourcesBuildPhase;
			buildActionMask = 2147483647;
			files = (
				EE96CBFF2B04C5F500C4A78F /* HomeVC.swift in Sources */,
				EEEBD7812B07B2FA00538DBD /* ImageSetting.swift in Sources */,
				EE96CBE72B04C50300C4A78F /* AppDelegate.swift in Sources */,
				EED589A52B06522D00BEDB43 /* NewsDataModel.swift in Sources */,
				EEF946202B70EE9F009415F4 /* CoreData.swift in Sources */,
				EEEBD7832B07BFD600538DBD /* WeatherDateModel.swift in Sources */,
				EEF946132B70E0B3009415F4 /* SingUp.swift in Sources */,
				EE96CC172B05043600C4A78F /* SmallCell.swift in Sources */,
				EED11F042B091CB30023C6C4 /* CategoryDM.swift in Sources */,
				EE96CC132B05042100C4A78F /* BIgCell.swift in Sources */,
				EE96CC082B04F23300C4A78F /* TabbarVC.swift in Sources */,
				EE96CC0F2B04F29000C4A78F /* ProfilVC.swift in Sources */,
				EEF946172B70E0C2009415F4 /* SingIn.swift in Sources */,
				EE96CBF12B04C50300C4A78F /* News_app.xcdatamodeld in Sources */,
				EEEBD77E2B077CB700538DBD /* SeeNewsVC.swift in Sources */,
			);
			runOnlyForDeploymentPostprocessing = 0;
		};
/* End PBXSourcesBuildPhase section */

/* Begin PBXVariantGroup section */
		EE96CBF42B04C50400C4A78F /* LaunchScreen.storyboard */ = {
			isa = PBXVariantGroup;
			children = (
				EE96CBF52B04C50400C4A78F /* Base */,
			);
			name = LaunchScreen.storyboard;
			sourceTree = "<group>";
		};
/* End PBXVariantGroup section */

/* Begin XCBuildConfiguration section */
		EE96CBF82B04C50400C4A78F /* Debug */ = {
			isa = XCBuildConfiguration;
			buildSettings = {
				ALWAYS_SEARCH_USER_PATHS = NO;
				CLANG_ANALYZER_NONNULL = YES;
				CLANG_ANALYZER_NUMBER_OBJECT_CONVERSION = YES_AGGRESSIVE;
				CLANG_CXX_LANGUAGE_STANDARD = "gnu++20";
				CLANG_ENABLE_MODULES = YES;
				CLANG_ENABLE_OBJC_ARC = YES;
				CLANG_ENABLE_OBJC_WEAK = YES;
				CLANG_WARN_BLOCK_CAPTURE_AUTORELEASING = YES;
				CLANG_WARN_BOOL_CONVERSION = YES;
				CLANG_WARN_COMMA = YES;
				CLANG_WARN_CONSTANT_CONVERSION = YES;
				CLANG_WARN_DEPRECATED_OBJC_IMPLEMENTATIONS = YES;
				CLANG_WARN_DIRECT_OBJC_ISA_USAGE = YES_ERROR;
				CLANG_WARN_DOCUMENTATION_COMMENTS = YES;
				CLANG_WARN_EMPTY_BODY = YES;
				CLANG_WARN_ENUM_CONVERSION = YES;
				CLANG_WARN_INFINITE_RECURSION = YES;
				CLANG_WARN_INT_CONVERSION = YES;
				CLANG_WARN_NON_LITERAL_NULL_CONVERSION = YES;
				CLANG_WARN_OBJC_IMPLICIT_RETAIN_SELF = YES;
				CLANG_WARN_OBJC_LITERAL_CONVERSION = YES;
				CLANG_WARN_OBJC_ROOT_CLASS = YES_ERROR;
				CLANG_WARN_QUOTED_INCLUDE_IN_FRAMEWORK_HEADER = YES;
				CLANG_WARN_RANGE_LOOP_ANALYSIS = YES;
				CLANG_WARN_STRICT_PROTOTYPES = YES;
				CLANG_WARN_SUSPICIOUS_MOVE = YES;
				CLANG_WARN_UNGUARDED_AVAILABILITY = YES_AGGRESSIVE;
				CLANG_WARN_UNREACHABLE_CODE = YES;
				CLANG_WARN__DUPLICATE_METHOD_MATCH = YES;
				COPY_PHASE_STRIP = NO;
				DEBUG_INFORMATION_FORMAT = dwarf;
				ENABLE_STRICT_OBJC_MSGSEND = YES;
				ENABLE_TESTABILITY = YES;
				GCC_C_LANGUAGE_STANDARD = gnu11;
				GCC_DYNAMIC_NO_PIC = NO;
				GCC_NO_COMMON_BLOCKS = YES;
				GCC_OPTIMIZATION_LEVEL = 0;
				GCC_PREPROCESSOR_DEFINITIONS = (
					"DEBUG=1",
					"$(inherited)",
				);
				GCC_WARN_64_TO_32_BIT_CONVERSION = YES;
				GCC_WARN_ABOUT_RETURN_TYPE = YES_ERROR;
				GCC_WARN_UNDECLARED_SELECTOR = YES;
				GCC_WARN_UNINITIALIZED_AUTOS = YES_AGGRESSIVE;
				GCC_WARN_UNUSED_FUNCTION = YES;
				GCC_WARN_UNUSED_VARIABLE = YES;
				IPHONEOS_DEPLOYMENT_TARGET = 16.4;
				MTL_ENABLE_DEBUG_INFO = INCLUDE_SOURCE;
				MTL_FAST_MATH = YES;
				ONLY_ACTIVE_ARCH = YES;
				SDKROOT = iphoneos;
				SWIFT_ACTIVE_COMPILATION_CONDITIONS = DEBUG;
				SWIFT_OPTIMIZATION_LEVEL = "-Onone";
			};
			name = Debug;
		};
		EE96CBF92B04C50400C4A78F /* Release */ = {
			isa = XCBuildConfiguration;
			buildSettings = {
				ALWAYS_SEARCH_USER_PATHS = NO;
				CLANG_ANALYZER_NONNULL = YES;
				CLANG_ANALYZER_NUMBER_OBJECT_CONVERSION = YES_AGGRESSIVE;
				CLANG_CXX_LANGUAGE_STANDARD = "gnu++20";
				CLANG_ENABLE_MODULES = YES;
				CLANG_ENABLE_OBJC_ARC = YES;
				CLANG_ENABLE_OBJC_WEAK = YES;
				CLANG_WARN_BLOCK_CAPTURE_AUTORELEASING = YES;
				CLANG_WARN_BOOL_CONVERSION = YES;
				CLANG_WARN_COMMA = YES;
				CLANG_WARN_CONSTANT_CONVERSION = YES;
				CLANG_WARN_DEPRECATED_OBJC_IMPLEMENTATIONS = YES;
				CLANG_WARN_DIRECT_OBJC_ISA_USAGE = YES_ERROR;
				CLANG_WARN_DOCUMENTATION_COMMENTS = YES;
				CLANG_WARN_EMPTY_BODY = YES;
				CLANG_WARN_ENUM_CONVERSION = YES;
				CLANG_WARN_INFINITE_RECURSION = YES;
				CLANG_WARN_INT_CONVERSION = YES;
				CLANG_WARN_NON_LITERAL_NULL_CONVERSION = YES;
				CLANG_WARN_OBJC_IMPLICIT_RETAIN_SELF = YES;
				CLANG_WARN_OBJC_LITERAL_CONVERSION = YES;
				CLANG_WARN_OBJC_ROOT_CLASS = YES_ERROR;
				CLANG_WARN_QUOTED_INCLUDE_IN_FRAMEWORK_HEADER = YES;
				CLANG_WARN_RANGE_LOOP_ANALYSIS = YES;
				CLANG_WARN_STRICT_PROTOTYPES = YES;
				CLANG_WARN_SUSPICIOUS_MOVE = YES;
				CLANG_WARN_UNGUARDED_AVAILABILITY = YES_AGGRESSIVE;
				CLANG_WARN_UNREACHABLE_CODE = YES;
				CLANG_WARN__DUPLICATE_METHOD_MATCH = YES;
				COPY_PHASE_STRIP = NO;
				DEBUG_INFORMATION_FORMAT = "dwarf-with-dsym";
				ENABLE_NS_ASSERTIONS = NO;
				ENABLE_STRICT_OBJC_MSGSEND = YES;
				GCC_C_LANGUAGE_STANDARD = gnu11;
				GCC_NO_COMMON_BLOCKS = YES;
				GCC_WARN_64_TO_32_BIT_CONVERSION = YES;
				GCC_WARN_ABOUT_RETURN_TYPE = YES_ERROR;
				GCC_WARN_UNDECLARED_SELECTOR = YES;
				GCC_WARN_UNINITIALIZED_AUTOS = YES_AGGRESSIVE;
				GCC_WARN_UNUSED_FUNCTION = YES;
				GCC_WARN_UNUSED_VARIABLE = YES;
				IPHONEOS_DEPLOYMENT_TARGET = 16.4;
				MTL_ENABLE_DEBUG_INFO = NO;
				MTL_FAST_MATH = YES;
				SDKROOT = iphoneos;
				SWIFT_COMPILATION_MODE = wholemodule;
				SWIFT_OPTIMIZATION_LEVEL = "-O";
				VALIDATE_PRODUCT = YES;
			};
			name = Release;
		};
		EE96CBFB2B04C50400C4A78F /* Debug */ = {
			isa = XCBuildConfiguration;
			baseConfigurationReference = 03F6FC2A2A35753D34010F20 /* Pods-News app.debug.xcconfig */;
			buildSettings = {
				ASSETCATALOG_COMPILER_APPICON_NAME = AppIcon;
				ASSETCATALOG_COMPILER_GLOBAL_ACCENT_COLOR_NAME = AccentColor;
				CODE_SIGN_STYLE = Automatic;
				CURRENT_PROJECT_VERSION = 1;
				DEVELOPMENT_TEAM = CWJG98258B;
				GENERATE_INFOPLIST_FILE = YES;
				INFOPLIST_FILE = "News app/Info.plist";
				INFOPLIST_KEY_UIApplicationSupportsIndirectInputEvents = YES;
				INFOPLIST_KEY_UILaunchStoryboardName = LaunchScreen;
				INFOPLIST_KEY_UIMainStoryboardFile = "";
				INFOPLIST_KEY_UISupportedInterfaceOrientations_iPad = "UIInterfaceOrientationPortrait UIInterfaceOrientationPortraitUpsideDown UIInterfaceOrientationLandscapeLeft UIInterfaceOrientationLandscapeRight";
				INFOPLIST_KEY_UISupportedInterfaceOrientations_iPhone = "UIInterfaceOrientationPortrait UIInterfaceOrientationLandscapeLeft UIInterfaceOrientationLandscapeRight";
				LD_RUNPATH_SEARCH_PATHS = (
					"$(inherited)",
					"@executable_path/Frameworks",
				);
				MARKETING_VERSION = 1.0;
				PRODUCT_BUNDLE_IDENTIFIER = "mr.Adam.News-app";
				PRODUCT_NAME = "$(TARGET_NAME)";
				SWIFT_EMIT_LOC_STRINGS = YES;
				SWIFT_VERSION = 5.0;
				TARGETED_DEVICE_FAMILY = "1,2";
			};
			name = Debug;
		};
		EE96CBFC2B04C50400C4A78F /* Release */ = {
			isa = XCBuildConfiguration;
			baseConfigurationReference = 4230CECD978B8427AD7FB2FF /* Pods-News app.release.xcconfig */;
			buildSettings = {
				ASSETCATALOG_COMPILER_APPICON_NAME = AppIcon;
				ASSETCATALOG_COMPILER_GLOBAL_ACCENT_COLOR_NAME = AccentColor;
				CODE_SIGN_STYLE = Automatic;
				CURRENT_PROJECT_VERSION = 1;
				DEVELOPMENT_TEAM = CWJG98258B;
				GENERATE_INFOPLIST_FILE = YES;
				INFOPLIST_FILE = "News app/Info.plist";
				INFOPLIST_KEY_UIApplicationSupportsIndirectInputEvents = YES;
				INFOPLIST_KEY_UILaunchStoryboardName = LaunchScreen;
				INFOPLIST_KEY_UIMainStoryboardFile = "";
				INFOPLIST_KEY_UISupportedInterfaceOrientations_iPad = "UIInterfaceOrientationPortrait UIInterfaceOrientationPortraitUpsideDown UIInterfaceOrientationLandscapeLeft UIInterfaceOrientationLandscapeRight";
				INFOPLIST_KEY_UISupportedInterfaceOrientations_iPhone = "UIInterfaceOrientationPortrait UIInterfaceOrientationLandscapeLeft UIInterfaceOrientationLandscapeRight";
				LD_RUNPATH_SEARCH_PATHS = (
					"$(inherited)",
					"@executable_path/Frameworks",
				);
				MARKETING_VERSION = 1.0;
				PRODUCT_BUNDLE_IDENTIFIER = "mr.Adam.News-app";
				PRODUCT_NAME = "$(TARGET_NAME)";
				SWIFT_EMIT_LOC_STRINGS = YES;
				SWIFT_VERSION = 5.0;
				TARGETED_DEVICE_FAMILY = "1,2";
			};
			name = Release;
		};
/* End XCBuildConfiguration section */

/* Begin XCConfigurationList section */
		EE96CBDE2B04C50300C4A78F /* Build configuration list for PBXProject "News app" */ = {
			isa = XCConfigurationList;
			buildConfigurations = (
				EE96CBF82B04C50400C4A78F /* Debug */,
				EE96CBF92B04C50400C4A78F /* Release */,
			);
			defaultConfigurationIsVisible = 0;
			defaultConfigurationName = Release;
		};
		EE96CBFA2B04C50400C4A78F /* Build configuration list for PBXNativeTarget "News app" */ = {
			isa = XCConfigurationList;
			buildConfigurations = (
				EE96CBFB2B04C50400C4A78F /* Debug */,
				EE96CBFC2B04C50400C4A78F /* Release */,
			);
			defaultConfigurationIsVisible = 0;
			defaultConfigurationName = Release;
		};
/* End XCConfigurationList section */

/* Begin XCVersionGroup section */
		EE96CBEF2B04C50300C4A78F /* News_app.xcdatamodeld */ = {
			isa = XCVersionGroup;
			children = (
				EE96CBF02B04C50300C4A78F /* News_app.xcdatamodel */,
			);
			currentVersion = EE96CBF02B04C50300C4A78F /* News_app.xcdatamodel */;
			path = News_app.xcdatamodeld;
			sourceTree = "<group>";
			versionGroupType = wrapper.xcdatamodel;
		};
/* End XCVersionGroup section */
	};
	rootObject = EE96CBDB2B04C50300C4A78F /* Project object */;
}
